
Microsoft Visual Studio Solution File, Format Version 12.00
# Visual Studio Version 16
VisualStudioVersion = 16.0.30907.101
MinimumVisualStudioVersion = 10.0.40219.1
Project("{FAE04EC0-301F-11D3-BF4B-00C04F79EFBC}") = "PonavljaneZad1", "PonavljaneZad1\PonavljaneZad1.csproj", "{1F94E7EE-B4A9-4B29-88B7-E6F33520E107}"
EndProject
Global
	GlobalSection(SolutionConfigurationPlatforms) = preSolution
		Debug|Any CPU = Debug|Any CPU
		Release|Any CPU = Release|Any CPU
	EndGlobalSection
	GlobalSection(ProjectConfigurationPlatforms) = postSolution
		{1F94E7EE-B4A9-4B29-88B7-E6F33520E107}.Debug|Any CPU.ActiveCfg = Debug|Any CPU
		{1F94E7EE-B4A9-4B29-88B7-E6F33520E107}.Debug|Any CPU.Build.0 = Debug|Any CPU
		{1F94E7EE-B4A9-4B29-88B7-E6F33520E107}.Release|Any CPU.ActiveCfg = Release|Any CPU
		{1F94E7EE-B4A9-4B29-88B7-E6F33520E107}.Release|Any CPU.Build.0 = Release|Any CPU
	EndGlobalSection
	GlobalSection(SolutionProperties) = preSolution
		HideSolutionNode = FALSE
	EndGlobalSection
	GlobalSection(ExtensibilityGlobals) = postSolution
		SolutionGuid = {657A5EB2-93D4-4C66-8C84-33AC69A66F18}
	EndGlobalSection
EndGlobal
